
Microsoft Visual Studio Solution File, Format Version 12.00
# Visual Studio Version 17
VisualStudioVersion = 17.13.35931.197
MinimumVisualStudioVersion = 10.0.40219.1
Project("{8BC9CEB8-8B4A-11D0-8D11-00A0C91BC942}") = "GraphicsMathLib", "GraphicsMathLib.vcxproj", "{7A329E0A-A4F7-4273-9890-A7BF29C1D4F2}"
EndProject
Project("{8BC9CEB8-8B4A-11D0-8D11-00A0C91BC942}") = "UnitTests", "UnitTests\UnitTests.vcxproj", "{50E4480E-316F-C5F6-131B-DDDC92AB14F8}"
EndProject
Global
	GlobalSection(SolutionConfigurationPlatforms) = preSolution
		Debug|x64 = Debug|x64
		Debug|x86 = Debug|x86
		Release|x64 = Release|x64
		Release|x86 = Release|x86
	EndGlobalSection
	GlobalSection(ProjectConfigurationPlatforms) = postSolution
		{7A329E0A-A4F7-4273-9890-A7BF29C1D4F2}.Debug|x64.ActiveCfg = Debug|x64
		{7A329E0A-A4F7-4273-9890-A7BF29C1D4F2}.Debug|x64.Build.0 = Debug|x64
		{7A329E0A-A4F7-4273-9890-A7BF29C1D4F2}.Debug|x86.ActiveCfg = Debug|Win32
		{7A329E0A-A4F7-4273-9890-A7BF29C1D4F2}.Debug|x86.Build.0 = Debug|Win32
		{7A329E0A-A4F7-4273-9890-A7BF29C1D4F2}.Release|x64.ActiveCfg = Release|x64
		{7A329E0A-A4F7-4273-9890-A7BF29C1D4F2}.Release|x64.Build.0 = Release|x64
		{7A329E0A-A4F7-4273-9890-A7BF29C1D4F2}.Release|x86.ActiveCfg = Release|Win32
		{7A329E0A-A4F7-4273-9890-A7BF29C1D4F2}.Release|x86.Build.0 = Release|Win32
		{50E4480E-316F-C5F6-131B-DDDC92AB14F8}.Debug|x64.ActiveCfg = Debug|x64
		{50E4480E-316F-C5F6-131B-DDDC92AB14F8}.Debug|x64.Build.0 = Debug|x64
		{50E4480E-316F-C5F6-131B-DDDC92AB14F8}.Debug|x86.ActiveCfg = Debug|Win32
		{50E4480E-316F-C5F6-131B-DDDC92AB14F8}.Debug|x86.Build.0 = Debug|Win32
		{50E4480E-316F-C5F6-131B-DDDC92AB14F8}.Release|x64.ActiveCfg = Release|x64
		{50E4480E-316F-C5F6-131B-DDDC92AB14F8}.Release|x64.Build.0 = Release|x64
		{50E4480E-316F-C5F6-131B-DDDC92AB14F8}.Release|x86.ActiveCfg = Release|Win32
		{50E4480E-316F-C5F6-131B-DDDC92AB14F8}.Release|x86.Build.0 = Release|Win32
	EndGlobalSection
	GlobalSection(SolutionProperties) = preSolution
		HideSolutionNode = FALSE
	EndGlobalSection
	GlobalSection(ExtensibilityGlobals) = postSolution
		SolutionGuid = {0019A085-2A71-41E0-AB0A-62C9289A4FED}
	EndGlobalSection
EndGlobal
